// !$*UTF8*$!
{
	archiveVersion = 1;
	classes = {
	};
	objectVersion = 50;
	objects = {

/* Begin PBXBuildFile section */
		FC2D52CB242857FB004C0912 /* new_edition@2x.png in Resources */ = {isa = PBXBuildFile; fileRef = FC2D52CA242857FB004C0912 /* new_edition@2x.png */; };
		FC5863BF23A86C140030579B /* AppDelegate.m in Sources */ = {isa = PBXBuildFile; fileRef = FC5863BE23A86C140030579B /* AppDelegate.m */; };
		FC5863C523A86C140030579B /* ViewController.m in Sources */ = {isa = PBXBuildFile; fileRef = FC5863C423A86C140030579B /* ViewController.m */; };
		FC5863CA23A86C150030579B /* Assets.xcassets in Resources */ = {isa = PBXBuildFile; fileRef = FC5863C923A86C150030579B /* Assets.xcassets */; };
		FC5863CD23A86C150030579B /* LaunchScreen.storyboard in Resources */ = {isa = PBXBuildFile; fileRef = FC5863CB23A86C150030579B /* LaunchScreen.storyboard */; };
		FC5863D023A86C150030579B /* main.m in Sources */ = {isa = PBXBuildFile; fileRef = FC5863CF23A86C150030579B /* main.m */; };
		FC5863DA23A86C150030579B /* teacherTestTests.m in Sources */ = {isa = PBXBuildFile; fileRef = FC5863D923A86C150030579B /* teacherTestTests.m */; };
		FC5863E523A86C150030579B /* teacherTestUITests.m in Sources */ = {isa = PBXBuildFile; fileRef = FC5863E423A86C150030579B /* teacherTestUITests.m */; };
		FC5863F423A86D680030579B /* ViewController2.m in Sources */ = {isa = PBXBuildFile; fileRef = FC5863F323A86D680030579B /* ViewController2.m */; };
/* End PBXBuildFile section */

/* Begin PBXContainerItemProxy section */
		FC5863D623A86C150030579B /* PBXContainerItemProxy */ = {
			isa = PBXContainerItemProxy;
			containerPortal = FC5863B223A86C140030579B /* Project object */;
			proxyType = 1;
			remoteGlobalIDString = FC5863B923A86C140030579B;
			remoteInfo = teacherTest;
		};
		FC5863E123A86C150030579B /* PBXContainerItemProxy */ = {
			isa = PBXContainerItemProxy;
			containerPortal = FC5863B223A86C140030579B /* Project object */;
			proxyType = 1;
			remoteGlobalIDString = FC5863B923A86C140030579B;
			remoteInfo = teacherTest;
		};
/* End PBXContainerItemProxy section */

/* Begin PBXFileReference section */
		FC2D52CA242857FB004C0912 /* new_edition@2x.png */ = {isa = PBXFileReference; lastKnownFileType = image.png; path = "new_edition@2x.png"; sourceTree = "<group>"; };
		FC5863BA23A86C140030579B /* teacherTest.app */ = {isa = PBXFileReference; explicitFileType = wrapper.application; includeInIndex = 0; path = teacherTest.app; sourceTree = BUILT_PRODUCTS_DIR; };
		FC5863BD23A86C140030579B /* AppDelegate.h */ = {isa = PBXFileReference; lastKnownFileType = sourcecode.c.h; path = AppDelegate.h; sourceTree = "<group>"; };
		FC5863BE23A86C140030579B /* AppDelegate.m */ = {isa = PBXFileReference; lastKnownFileType = sourcecode.c.objc; path = AppDelegate.m; sourceTree = "<group>"; };
		FC5863C323A86C140030579B /* ViewController.h */ = {isa = PBXFileReference; lastKnownFileType = sourcecode.c.h; path = ViewController.h; sourceTree = "<group>"; };
		FC5863C423A86C140030579B /* ViewController.m */ = {isa = PBXFileReference; lastKnownFileType = sourcecode.c.objc; path = ViewController.m; sourceTree = "<group>"; };
		FC5863C923A86C150030579B /* Assets.xcassets */ = {isa = PBXFileReference; lastKnownFileType = folder.assetcatalog; path = Assets.xcassets; sourceTree = "<group>"; };
		FC5863CC23A86C150030579B /* Base */ = {isa = PBXFileReference; lastKnownFileType = file.storyboard; name = Base; path = Base.lproj/LaunchScreen.storyboard; sourceTree = "<group>"; };
		FC5863CE23A86C150030579B /* Info.plist */ = {isa = PBXFileReference; lastKnownFileType = text.plist.xml; path = Info.plist; sourceTree = "<group>"; };
		FC5863CF23A86C150030579B /* main.m */ = {isa = PBXFileReference; lastKnownFileType = sourcecode.c.objc; path = main.m; sourceTree = "<group>"; };
		FC5863D523A86C150030579B /* teacherTestTests.xctest */ = {isa = PBXFileReference; explicitFileType = wrapper.cfbundle; includeInIndex = 0; path = teacherTestTests.xctest; sourceTree = BUILT_PRODUCTS_DIR; };
		FC5863D923A86C150030579B /* teacherTestTests.m */ = {isa = PBXFileReference; lastKnownFileType = sourcecode.c.objc; path = teacherTestTests.m; sourceTree = "<group>"; };
		FC5863DB23A86C150030579B /* Info.plist */ = {isa = PBXFileReference; lastKnownFileType = text.plist.xml; path = Info.plist; sourceTree = "<group>"; };
		FC5863E023A86C150030579B /* teacherTestUITests.xctest */ = {isa = PBXFileReference; explicitFileType = wrapper.cfbundle; includeInIndex = 0; path = teacherTestUITests.xctest; sourceTree = BUILT_PRODUCTS_DIR; };
		FC5863E423A86C150030579B /* teacherTestUITests.m */ = {isa = PBXFileReference; lastKnownFileType = sourcecode.c.objc; path = teacherTestUITests.m; sourceTree = "<group>"; };
		FC5863E623A86C150030579B /* Info.plist */ = {isa = PBXFileReference; lastKnownFileType = text.plist.xml; path = Info.plist; sourceTree = "<group>"; };
		FC5863F223A86D680030579B /* ViewController2.h */ = {isa = PBXFileReference; lastKnownFileType = sourcecode.c.h; path = ViewController2.h; sourceTree = "<group>"; };
		FC5863F323A86D680030579B /* ViewController2.m */ = {isa = PBXFileReference; lastKnownFileType = sourcecode.c.objc; path = ViewController2.m; sourceTree = "<group>"; };
/* End PBXFileReference section */

/* Begin PBXFrameworksBuildPhase section */
		FC5863B723A86C140030579B /* Frameworks */ = {
			isa = PBXFrameworksBuildPhase;
			buildActionMask = 2147483647;
			files = (
			);
			runOnlyForDeploymentPostprocessing = 0;
		};
		FC5863D223A86C150030579B /* Frameworks */ = {
			isa = PBXFrameworksBuildPhase;
			buildActionMask = 2147483647;
			files = (
			);
			runOnlyForDeploymentPostprocessing = 0;
		};
		FC5863DD23A86C150030579B /* Frameworks */ = {
			isa = PBXFrameworksBuildPhase;
			buildActionMask = 2147483647;
			files = (
			);
			runOnlyForDeploymentPostprocessing = 0;
		};
/* End PBXFrameworksBuildPhase section */

/* Begin PBXGroup section */
		FC5863B123A86C140030579B = {
			isa = PBXGroup;
			children = (
				FC5863BC23A86C140030579B /* teacherTest */,
				FC5863D823A86C150030579B /* teacherTestTests */,
				FC5863E323A86C150030579B /* teacherTestUITests */,
				FC5863BB23A86C140030579B /* Products */,
			);
			sourceTree = "<group>";
		};
		FC5863BB23A86C140030579B /* Products */ = {
			isa = PBXGroup;
			children = (
				FC5863BA23A86C140030579B /* teacherTest.app */,
				FC5863D523A86C150030579B /* teacherTestTests.xctest */,
				FC5863E023A86C150030579B /* teacherTestUITests.xctest */,
			);
			name = Products;
			sourceTree = "<group>";
		};
		FC5863BC23A86C140030579B /* teacherTest */ = {
			isa = PBXGroup;
			children = (
				FC5863BD23A86C140030579B /* AppDelegate.h */,
				FC5863BE23A86C140030579B /* AppDelegate.m */,
				FC5863C323A86C140030579B /* ViewController.h */,
				FC5863C423A86C140030579B /* ViewController.m */,
				FC5863F223A86D680030579B /* ViewController2.h */,
				FC5863F323A86D680030579B /* ViewController2.m */,
				FC2D52CA242857FB004C0912 /* new_edition@2x.png */,
				FC5863C923A86C150030579B /* Assets.xcassets */,
				FC5863CB23A86C150030579B /* LaunchScreen.storyboard */,
				FC5863CE23A86C150030579B /* Info.plist */,
				FC5863CF23A86C150030579B /* main.m */,
			);
			path = teacherTest;
			sourceTree = "<group>";
		};
		FC5863D823A86C150030579B /* teacherTestTests */ = {
			isa = PBXGroup;
			children = (
				FC5863D923A86C150030579B /* teacherTestTests.m */,
				FC5863DB23A86C150030579B /* Info.plist */,
			);
			path = teacherTestTests;
			sourceTree = "<group>";
		};
		FC5863E323A86C150030579B /* teacherTestUITests */ = {
			isa = PBXGroup;
			children = (
				FC5863E423A86C150030579B /* teacherTestUITests.m */,
				FC5863E623A86C150030579B /* Info.plist */,
			);
			path = teacherTestUITests;
			sourceTree = "<group>";
		};
/* End PBXGroup section */

/* Begin PBXNativeTarget section */
		FC5863B923A86C140030579B /* teacherTest */ = {
			isa = PBXNativeTarget;
			buildConfigurationList = FC5863E923A86C150030579B /* Build configuration list for PBXNativeTarget "teacherTest" */;
			buildPhases = (
				FC5863B623A86C140030579B /* Sources */,
				FC5863B723A86C140030579B /* Frameworks */,
				FC5863B823A86C140030579B /* Resources */,
			);
			buildRules = (
			);
			dependencies = (
			);
			name = teacherTest;
			productName = teacherTest;
			productReference = FC5863BA23A86C140030579B /* teacherTest.app */;
			productType = "com.apple.product-type.application";
		};
		FC5863D423A86C150030579B /* teacherTestTests */ = {
			isa = PBXNativeTarget;
			buildConfigurationList = FC5863EC23A86C150030579B /* Build configuration list for PBXNativeTarget "teacherTestTests" */;
			buildPhases = (
				FC5863D123A86C150030579B /* Sources */,
				FC5863D223A86C150030579B /* Frameworks */,
				FC5863D323A86C150030579B /* Resources */,
			);
			buildRules = (
			);
			dependencies = (
				FC5863D723A86C150030579B /* PBXTargetDependency */,
			);
			name = teacherTestTests;
			productName = teacherTestTests;
			productReference = FC5863D523A86C150030579B /* teacherTestTests.xctest */;
			productType = "com.apple.product-type.bundle.unit-test";
		};
		FC5863DF23A86C150030579B /* teacherTestUITests */ = {
			isa = PBXNativeTarget;
			buildConfigurationList = FC5863EF23A86C150030579B /* Build configuration list for PBXNativeTarget "teacherTestUITests" */;
			buildPhases = (
				FC5863DC23A86C150030579B /* Sources */,
				FC5863DD23A86C150030579B /* Frameworks */,
				FC5863DE23A86C150030579B /* Resources */,
			);
			buildRules = (
			);
			dependencies = (
				FC5863E223A86C150030579B /* PBXTargetDependency */,
			);
			name = teacherTestUITests;
			productName = teacherTestUITests;
			productReference = FC5863E023A86C150030579B /* teacherTestUITests.xctest */;
			productType = "com.apple.product-type.bundle.ui-testing";
		};
/* End PBXNativeTarget section */

/* Begin PBXProject section */
		FC5863B223A86C140030579B /* Project object */ = {
			isa = PBXProject;
			attributes = {
				LastUpgradeCheck = 1120;
				ORGANIZATIONNAME = "王立东";
				TargetAttributes = {
					FC5863B923A86C140030579B = {
						CreatedOnToolsVersion = 11.2;
					};
					FC5863D423A86C150030579B = {
						CreatedOnToolsVersion = 11.2;
						TestTargetID = FC5863B923A86C140030579B;
					};
					FC5863DF23A86C150030579B = {
						CreatedOnToolsVersion = 11.2;
						TestTargetID = FC5863B923A86C140030579B;
					};
				};
			};
			buildConfigurationList = FC5863B523A86C140030579B /* Build configuration list for PBXProject "teacherTest" */;
			compatibilityVersion = "Xcode 9.3";
			developmentRegion = en;
			hasScannedForEncodings = 0;
			knownRegions = (
				en,
				Base,
			);
			mainGroup = FC5863B123A86C140030579B;
			productRefGroup = FC5863BB23A86C140030579B /* Products */;
			projectDirPath = "";
			projectRoot = "";
			targets = (
				FC5863B923A86C140030579B /* teacherTest */,
				FC5863D423A86C150030579B /* teacherTestTests */,
				FC5863DF23A86C150030579B /* teacherTestUITests */,
			);
		};
/* End PBXProject section */

/* Begin PBXResourcesBuildPhase section */
		FC5863B823A86C140030579B /* Resources */ = {
			isa = PBXResourcesBuildPhase;
			buildActionMask = 2147483647;
			files = (
				FC2D52CB242857FB004C0912 /* new_edition@2x.png in Resources */,
				FC5863CD23A86C150030579B /* LaunchScreen.storyboard in Resources */,
				FC5863CA23A86C150030579B /* Assets.xcassets in Resources */,
			);
			runOnlyForDeploymentPostprocessing = 0;
		};
		FC5863D323A86C150030579B /* Resources */ = {
			isa = PBXResourcesBuildPhase;
			buildActionMask = 2147483647;
			files = (
			);
			runOnlyForDeploymentPostprocessing = 0;
		};
		FC5863DE23A86C150030579B /* Resources */ = {
			isa = PBXResourcesBuildPhase;
			buildActionMask = 2147483647;
			files = (
			);
			runOnlyForDeploymentPostprocessing = 0;
		};
/* End PBXResourcesBuildPhase section */

/* Begin PBXSourcesBuildPhase section */
		FC5863B623A86C140030579B /* Sources */ = {
			isa = PBXSourcesBuildPhase;
			buildActionMask = 2147483647;
			files = (
				FC5863C523A86C140030579B /* ViewController.m in Sources */,
				FC5863F423A86D680030579B /* ViewController2.m in Sources */,
				FC5863BF23A86C140030579B /* AppDelegate.m in Sources */,
				FC5863D023A86C150030579B /* main.m in Sources */,
			);
			runOnlyForDeploymentPostprocessing = 0;
		};
		FC5863D123A86C150030579B /* Sources */ = {
			isa = PBXSourcesBuildPhase;
			buildActionMask = 2147483647;
			files = (
				FC5863DA23A86C150030579B /* teacherTestTests.m in Sources */,
			);
			runOnlyForDeploymentPostprocessing = 0;
		};
		FC5863DC23A86C150030579B /* Sources */ = {
			isa = PBXSourcesBuildPhase;
			buildActionMask = 2147483647;
			files = (
				FC5863E523A86C150030579B /* teacherTestUITests.m in Sources */,
			);
			runOnlyForDeploymentPostprocessing = 0;
		};
/* End PBXSourcesBuildPhase section */

/* Begin PBXTargetDependency section */
		FC5863D723A86C150030579B /* PBXTargetDependency */ = {
			isa = PBXTargetDependency;
			target = FC5863B923A86C140030579B /* teacherTest */;
			targetProxy = FC5863D623A86C150030579B /* PBXContainerItemProxy */;
		};
		FC5863E223A86C150030579B /* PBXTargetDependency */ = {
			isa = PBXTargetDependency;
			target = FC5863B923A86C140030579B /* teacherTest */;
			targetProxy = FC5863E123A86C150030579B /* PBXContainerItemProxy */;
		};
/* End PBXTargetDependency section */

/* Begin PBXVariantGroup section */
		FC5863CB23A86C150030579B /* LaunchScreen.storyboard */ = {
			isa = PBXVariantGroup;
			children = (
				FC5863CC23A86C150030579B /* Base */,
			);
			name = LaunchScreen.storyboard;
			sourceTree = "<group>";
		};
/* End PBXVariantGroup section */

/* Begin XCBuildConfiguration section */
		FC5863E723A86C150030579B /* Debug */ = {
			isa = XCBuildConfiguration;
			buildSettings = {
				ALWAYS_SEARCH_USER_PATHS = NO;
				CLANG_ANALYZER_NONNULL = YES;
				CLANG_ANALYZER_NUMBER_OBJECT_CONVERSION = YES_AGGRESSIVE;
				CLANG_CXX_LANGUAGE_STANDARD = "gnu++14";
				CLANG_CXX_LIBRARY = "libc++";
				CLANG_ENABLE_MODULES = YES;
				CLANG_ENABLE_OBJC_ARC = YES;
				CLANG_ENABLE_OBJC_WEAK = YES;
				CLANG_WARN_BLOCK_CAPTURE_AUTORELEASING = YES;
				CLANG_WARN_BOOL_CONVERSION = YES;
				CLANG_WARN_COMMA = YES;
				CLANG_WARN_CONSTANT_CONVERSION = YES;
				CLANG_WARN_DEPRECATED_OBJC_IMPLEMENTATIONS = YES;
				CLANG_WARN_DIRECT_OBJC_ISA_USAGE = YES_ERROR;
				CLANG_WARN_DOCUMENTATION_COMMENTS = YES;
				CLANG_WARN_EMPTY_BODY = YES;
				CLANG_WARN_ENUM_CONVERSION = YES;
				CLANG_WARN_INFINITE_RECURSION = YES;
				CLANG_WARN_INT_CONVERSION = YES;
				CLANG_WARN_NON_LITERAL_NULL_CONVERSION = YES;
				CLANG_WARN_OBJC_IMPLICIT_RETAIN_SELF = YES;
				CLANG_WARN_OBJC_LITERAL_CONVERSION = YES;
				CLANG_WARN_OBJC_ROOT_CLASS = YES_ERROR;
				CLANG_WARN_RANGE_LOOP_ANALYSIS = YES;
				CLANG_WARN_STRICT_PROTOTYPES = YES;
				CLANG_WARN_SUSPICIOUS_MOVE = YES;
				CLANG_WARN_UNGUARDED_AVAILABILITY = YES_AGGRESSIVE;
				CLANG_WARN_UNREACHABLE_CODE = YES;
				CLANG_WARN__DUPLICATE_METHOD_MATCH = YES;
				COPY_PHASE_STRIP = NO;
				DEBUG_INFORMATION_FORMAT = dwarf;
				ENABLE_STRICT_OBJC_MSGSEND = YES;
				ENABLE_TESTABILITY = YES;
				GCC_C_LANGUAGE_STANDARD = gnu11;
				GCC_DYNAMIC_NO_PIC = NO;
				GCC_NO_COMMON_BLOCKS = YES;
				GCC_OPTIMIZATION_LEVEL = 0;
				GCC_PREPROCESSOR_DEFINITIONS = (
					"DEBUG=1",
					"$(inherited)",
				);
				GCC_WARN_64_TO_32_BIT_CONVERSION = YES;
				GCC_WARN_ABOUT_RETURN_TYPE = YES_ERROR;
				GCC_WARN_UNDECLARED_SELECTOR = YES;
				GCC_WARN_UNINITIALIZED_AUTOS = YES_AGGRESSIVE;
				GCC_WARN_UNUSED_FUNCTION = YES;
				GCC_WARN_UNUSED_VARIABLE = YES;
				IPHONEOS_DEPLOYMENT_TARGET = 13.2;
				MTL_ENABLE_DEBUG_INFO = INCLUDE_SOURCE;
				MTL_FAST_MATH = YES;
				ONLY_ACTIVE_ARCH = YES;
				SDKROOT = iphoneos;
			};
			name = Debug;
		};
		FC5863E823A86C150030579B /* Release */ = {
			isa = XCBuildConfiguration;
			buildSettings = {
				ALWAYS_SEARCH_USER_PATHS = NO;
				CLANG_ANALYZER_NONNULL = YES;
				CLANG_ANALYZER_NUMBER_OBJECT_CONVERSION = YES_AGGRESSIVE;
				CLANG_CXX_LANGUAGE_STANDARD = "gnu++14";
				CLANG_CXX_LIBRARY = "libc++";
				CLANG_ENABLE_MODULES = YES;
				CLANG_ENABLE_OBJC_ARC = YES;
				CLANG_ENABLE_OBJC_WEAK = YES;
				CLANG_WARN_BLOCK_CAPTURE_AUTORELEASING = YES;
				CLANG_WARN_BOOL_CONVERSION = YES;
				CLANG_WARN_COMMA = YES;
				CLANG_WARN_CONSTANT_CONVERSION = YES;
				CLANG_WARN_DEPRECATED_OBJC_IMPLEMENTATIONS = YES;
				CLANG_WARN_DIRECT_OBJC_ISA_USAGE = YES_ERROR;
				CLANG_WARN_DOCUMENTATION_COMMENTS = YES;
				CLANG_WARN_EMPTY_BODY = YES;
				CLANG_WARN_ENUM_CONVERSION = YES;
				CLANG_WARN_INFINITE_RECURSION = YES;
				CLANG_WARN_INT_CONVERSION = YES;
				CLANG_WARN_NON_LITERAL_NULL_CONVERSION = YES;
				CLANG_WARN_OBJC_IMPLICIT_RETAIN_SELF = YES;
				CLANG_WARN_OBJC_LITERAL_CONVERSION = YES;
				CLANG_WARN_OBJC_ROOT_CLASS = YES_ERROR;
				CLANG_WARN_RANGE_LOOP_ANALYSIS = YES;
				CLANG_WARN_STRICT_PROTOTYPES = YES;
				CLANG_WARN_SUSPICIOUS_MOVE = YES;
				CLANG_WARN_UNGUARDED_AVAILABILITY = YES_AGGRESSIVE;
				CLANG_WARN_UNREACHABLE_CODE = YES;
				CLANG_WARN__DUPLICATE_METHOD_MATCH = YES;
				COPY_PHASE_STRIP = NO;
				DEBUG_INFORMATION_FORMAT = "dwarf-with-dsym";
				ENABLE_NS_ASSERTIONS = NO;
				ENABLE_STRICT_OBJC_MSGSEND = YES;
				GCC_C_LANGUAGE_STANDARD = gnu11;
				GCC_NO_COMMON_BLOCKS = YES;
				GCC_WARN_64_TO_32_BIT_CONVERSION = YES;
				GCC_WARN_ABOUT_RETURN_TYPE = YES_ERROR;
				GCC_WARN_UNDECLARED_SELECTOR = YES;
				GCC_WARN_UNINITIALIZED_AUTOS = YES_AGGRESSIVE;
				GCC_WARN_UNUSED_FUNCTION = YES;
				GCC_WARN_UNUSED_VARIABLE = YES;
				IPHONEOS_DEPLOYMENT_TARGET = 13.2;
				MTL_ENABLE_DEBUG_INFO = NO;
				MTL_FAST_MATH = YES;
				SDKROOT = iphoneos;
				VALIDATE_PRODUCT = YES;
			};
			name = Release;
		};
		FC5863EA23A86C150030579B /* Debug */ = {
			isa = XCBuildConfiguration;
			buildSettings = {
				ASSETCATALOG_COMPILER_APPICON_NAME = AppIcon;
				CODE_SIGN_STYLE = Automatic;
				DEVELOPMENT_TEAM = YNUYV92USP;
				INFOPLIST_FILE = teacherTest/Info.plist;
				IPHONEOS_DEPLOYMENT_TARGET = 9.0;
				LD_RUNPATH_SEARCH_PATHS = (
					"$(inherited)",
					"@executable_path/Frameworks",
				);
				PRODUCT_BUNDLE_IDENTIFIER = "-.teacherTest";
				PRODUCT_NAME = "$(TARGET_NAME)";
				TARGETED_DEVICE_FAMILY = 1;
			};
			name = Debug;
		};
		FC5863EB23A86C150030579B /* Release */ = {
			isa = XCBuildConfiguration;
			buildSettings = {
				ASSETCATALOG_COMPILER_APPICON_NAME = AppIcon;
				CODE_SIGN_STYLE = Automatic;
				DEVELOPMENT_TEAM = YNUYV92USP;
				INFOPLIST_FILE = teacherTest/Info.plist;
				IPHONEOS_DEPLOYMENT_TARGET = 9.0;
				LD_RUNPATH_SEARCH_PATHS = (
					"$(inherited)",
					"@executable_path/Frameworks",
				);
				PRODUCT_BUNDLE_IDENTIFIER = "-.teacherTest";
				PRODUCT_NAME = "$(TARGET_NAME)";
				TARGETED_DEVICE_FAMILY = 1;
			};
			name = Release;
		};
		FC5863ED23A86C150030579B /* Debug */ = {
			isa = XCBuildConfiguration;
			buildSettings = {
				BUNDLE_LOADER = "$(TEST_HOST)";
				CODE_SIGN_STYLE = Automatic;
				DEVELOPMENT_TEAM = YNUYV92USP;
				INFOPLIST_FILE = teacherTestTests/Info.plist;
				IPHONEOS_DEPLOYMENT_TARGET = 13.2;
				LD_RUNPATH_SEARCH_PATHS = (
					"$(inherited)",
					"@executable_path/Frameworks",
					"@loader_path/Frameworks",
				);
				PRODUCT_BUNDLE_IDENTIFIER = "-.teacherTestTests";
				PRODUCT_NAME = "$(TARGET_NAME)";
				TARGETED_DEVICE_FAMILY = "1,2";
				TEST_HOST = "$(BUILT_PRODUCTS_DIR)/teacherTest.app/teacherTest";
			};
			name = Debug;
		};
		FC5863EE23A86C150030579B /* Release */ = {
			isa = XCBuildConfiguration;
			buildSettings = {
				BUNDLE_LOADER = "$(TEST_HOST)";
				CODE_SIGN_STYLE = Automatic;
				DEVELOPMENT_TEAM = YNUYV92USP;
				INFOPLIST_FILE = teacherTestTests/Info.plist;
				IPHONEOS_DEPLOYMENT_TARGET = 13.2;
				LD_RUNPATH_SEARCH_PATHS = (
					"$(inherited)",
					"@executable_path/Frameworks",
					"@loader_path/Frameworks",
				);
				PRODUCT_BUNDLE_IDENTIFIER = "-.teacherTestTests";
				PRODUCT_NAME = "$(TARGET_NAME)";
				TARGETED_DEVICE_FAMILY = "1,2";
				TEST_HOST = "$(BUILT_PRODUCTS_DIR)/teacherTest.app/teacherTest";
			};
			name = Release;
		};
		FC5863F023A86C150030579B /* Debug */ = {
			isa = XCBuildConfiguration;
			buildSettings = {
				CODE_SIGN_STYLE = Automatic;
				DEVELOPMENT_TEAM = YNUYV92USP;
				INFOPLIST_FILE = teacherTestUITests/Info.plist;
				LD_RUNPATH_SEARCH_PATHS = (
					"$(inherited)",
					"@executable_path/Frameworks",
					"@loader_path/Frameworks",
				);
				PRODUCT_BUNDLE_IDENTIFIER = "-.teacherTestUITests";
				PRODUCT_NAME = "$(TARGET_NAME)";
				TARGETED_DEVICE_FAMILY = "1,2";
				TEST_TARGET_NAME = teacherTest;
			};
			name = Debug;
		};
		FC5863F123A86C150030579B /* Release */ = {
			isa = XCBuildConfiguration;
			buildSettings = {
				CODE_SIGN_STYLE = Automatic;
				DEVELOPMENT_TEAM = YNUYV92USP;
				INFOPLIST_FILE = teacherTestUITests/Info.plist;
				LD_RUNPATH_SEARCH_PATHS = (
					"$(inherited)",
					"@executable_path/Frameworks",
					"@loader_path/Frameworks",
				);
				PRODUCT_BUNDLE_IDENTIFIER = "-.teacherTestUITests";
				PRODUCT_NAME = "$(TARGET_NAME)";
				TARGETED_DEVICE_FAMILY = "1,2";
				TEST_TARGET_NAME = teacherTest;
			};
			name = Release;
		};
/* End XCBuildConfiguration section */

/* Begin XCConfigurationList section */
		FC5863B523A86C140030579B /* Build configuration list for PBXProject "teacherTest" */ = {
			isa = XCConfigurationList;
			buildConfigurations = (
				FC5863E723A86C150030579B /* Debug */,
				FC5863E823A86C150030579B /* Release */,
			);
			defaultConfigurationIsVisible = 0;
			defaultConfigurationName = Release;
		};
		FC5863E923A86C150030579B /* Build configuration list for PBXNativeTarget "teacherTest" */ = {
			isa = XCConfigurationList;
			buildConfigurations = (
				FC5863EA23A86C150030579B /* Debug */,
				FC5863EB23A86C150030579B /* Release */,
			);
			defaultConfigurationIsVisible = 0;
			defaultConfigurationName = Release;
		};
		FC5863EC23A86C150030579B /* Build configuration list for PBXNativeTarget "teacherTestTests" */ = {
			isa = XCConfigurationList;
			buildConfigurations = (
				FC5863ED23A86C150030579B /* Debug */,
				FC5863EE23A86C150030579B /* Release */,
			);
			defaultConfigurationIsVisible = 0;
			defaultConfigurationName = Release;
		};
		FC5863EF23A86C150030579B /* Build configuration list for PBXNativeTarget "teacherTestUITests" */ = {
			isa = XCConfigurationList;
			buildConfigurations = (
				FC5863F023A86C150030579B /* Debug */,
				FC5863F123A86C150030579B /* Release */,
			);
			defaultConfigurationIsVisible = 0;
			defaultConfigurationName = Release;
		};
/* End XCConfigurationList section */
	};
	rootObject = FC5863B223A86C140030579B /* Project object */;
}
